{
  "name": "scripts",
  "lockfileVersion": 3,
  "requires": true,
  "packages": {
    "": {
      "dependencies": {
        "easy-speech": "^2.4.0"
      }
    },
    "node_modules/easy-speech": {
      "version": "2.4.0",
      "resolved": "https://registry.npmjs.org/easy-speech/-/easy-speech-2.4.0.tgz",
      "integrity": "sha512-wpMv29DEoeP/eyXr4aXpDqd9DvlXl7aQs7BgfKbjGVxqkmQPgNmpbF5YULaTH5bc/5qrteg5MDfCD2Zd0qr4rQ==",
      "funding": [
        {
          "type": "GitHub",
          "url": "https://github.com/sponsors/jankapunkt"
        },
        {
          "type": "PayPal",
          "url": "https://paypal.me/kuesterjan"
        }
      ],
      "license": "MIT",
      "engines": {
        "node": ">= 14.x"
      }
    }
  }
}
