{
  "name": "scripts",
  "lockfileVersion": 3,
  "requires": true,
  "packages": {
    "": {
      "dependencies": {
        "easy-speech": "^2.2.0"
      }
    },
    "node_modules/easy-speech": {
      "version": "2.2.0",
      "resolved": "https://registry.npmjs.org/easy-speech/-/easy-speech-2.2.0.tgz",
      "integrity": "sha512-1Ut559OZCVq/oxUG/RaEq+cG6PFxv1whYOurXOaIq/0dab55HDOWLEBz3NKd87tjUaT9AfFnVv3oOHkg5kulpw==",
      "engines": {
        "node": ">= 14.x"
      },
      "funding": {
        "type": "PayPal",
        "url": "https://paypal.me/kuesterjan"
      }
    }
  }
}
